<?xml version="1.0" encoding="utf-8"?>
<Project ToolsVersion="4.0" xmlns="http://schemas.microsoft.com/developer/msbuild/2003">
  <ItemGroup>
    <Filter Include="Source Files">
      <UniqueIdentifier>{4FC737F1-C7A5-4376-A066-2A32D752A2FF}</UniqueIdentifier>
      <Extensions>cpp;cxx;c;def</Extensions>
    </Filter>
    <Filter Include="Header Files">
      <UniqueIdentifier>{93995380-89BD-4b04-88EB-625FBE52EBFB}</UniqueIdentifier>
      <Extensions>h</Extensions>
    </Filter>
    <Filter Include="Form Files">
      <UniqueIdentifier>{99349809-55BA-4b9d-BF79-8FDBB0286EB3}</UniqueIdentifier>
      <Extensions>ui</Extensions>
    </Filter>
    <Filter Include="Resource Files">
      <UniqueIdentifier>{D9D6E242-F8AF-46E4-B9FD-80ECBC20BA3E}</UniqueIdentifier>
      <Extensions>qrc;*</Extensions>
      <ParseFiles>false</ParseFiles>
    </Filter>
    <Filter Include="Generated Files">
      <UniqueIdentifier>{71ED8ED8-ACB9-4CE9-BBE1-E00B30144E11}</UniqueIdentifier>
      <Extensions>moc;h;cpp</Extensions>
      <SourceControlFiles>False</SourceControlFiles>
    </Filter>
    <Filter Include="Generated Files\Debug">
      <UniqueIdentifier>{8c246372-7c18-41a1-8efd-7d807b69b667}</UniqueIdentifier>
      <Extensions>cpp;moc</Extensions>
      <SourceControlFiles>False</SourceControlFiles>
    </Filter>
    <Filter Include="Generated Files\Release">
      <UniqueIdentifier>{ed38aa61-0e2e-4bcc-8b32-b2c39899fc95}</UniqueIdentifier>
      <Extensions>cpp;moc</Extensions>
      <SourceControlFiles>False</SourceControlFiles>
    </Filter>
    <Filter Include="Header Files\Qt">
      <UniqueIdentifier>{6c439133-cbe6-4436-8e7d-51dc20deb859}</UniqueIdentifier>
    </Filter>
    <Filter Include="Source Files\Qt">
      <UniqueIdentifier>{7a2ec4c5-7394-4739-8aad-c4cff1f0e331}</UniqueIdentifier>
    </Filter>
    <Filter Include="Header Files\Calculation">
      <UniqueIdentifier>{b815dcd3-5c64-45e1-8a52-c82401cd91d2}</UniqueIdentifier>
    </Filter>
    <Filter Include="Header Files\util">
      <UniqueIdentifier>{469d1612-cf3d-48c2-a938-0a08e6130fd6}</UniqueIdentifier>
    </Filter>
    <Filter Include="Header Files\VTK">
      <UniqueIdentifier>{7ee5b544-7ed5-4d5b-a340-0df71988f1d4}</UniqueIdentifier>
    </Filter>
    <Filter Include="Source Files\VTK">
      <UniqueIdentifier>{c2ff642e-e443-43b3-a2c8-ae929da3b74c}</UniqueIdentifier>
    </Filter>
    <Filter Include="Source Files\Calculation">
      <UniqueIdentifier>{5480e517-d2dd-46e9-8dab-4657b987fcd4}</UniqueIdentifier>
    </Filter>
    <Filter Include="Header Files\Denisov">
      <UniqueIdentifier>{f6fda26b-c42f-4d9a-8534-da124e4f171c}</UniqueIdentifier>
    </Filter>
    <Filter Include="Header Files\FDTDShow">
      <UniqueIdentifier>{7bd17171-f570-4e83-9c28-6444bb43ea62}</UniqueIdentifier>
    </Filter>
    <Filter Include="Source Files\util">
      <UniqueIdentifier>{7feda769-2da5-48c3-b662-5a91fc3108e4}</UniqueIdentifier>
    </Filter>
  </ItemGroup>
  <ItemGroup>
    <ClCompile Include="main.cpp">
      <Filter>Source Files</Filter>
    </ClCompile>
    <ClCompile Include="mainwindow.cpp">
      <Filter>Source Files</Filter>
    </ClCompile>
    <ClCompile Include="GeneratedFiles\Debug\moc_mainwindow.cpp">
      <Filter>Generated Files\Debug</Filter>
    </ClCompile>
    <ClCompile Include="GeneratedFiles\Release\moc_mainwindow.cpp">
      <Filter>Generated Files\Release</Filter>
    </ClCompile>
    <ClCompile Include="GeneratedFiles\qrc_mainwindow.cpp">
      <Filter>Generated Files</Filter>
    </ClCompile>
    <ClCompile Include="GeneratedFiles\Debug\moc_PreDialog.cpp">
      <Filter>Generated Files\Debug</Filter>
    </ClCompile>
    <ClCompile Include="GeneratedFiles\Release\moc_PreDialog.cpp">
      <Filter>Generated Files\Release</Filter>
    </ClCompile>
    <ClCompile Include="Qt\src\PreDialog.cpp">
      <Filter>Source Files\Qt</Filter>
    </ClCompile>
    <ClCompile Include="Qt\src\ModelWizard.cpp">
      <Filter>Source Files\Qt</Filter>
    </ClCompile>
    <ClCompile Include="GeneratedFiles\Debug\moc_ModelWizard.cpp">
      <Filter>Generated Files\Debug</Filter>
    </ClCompile>
    <ClCompile Include="GeneratedFiles\Release\moc_ModelWizard.cpp">
      <Filter>Generated Files\Release</Filter>
    </ClCompile>
    <ClCompile Include="MyData.cpp">
      <Filter>Source Files</Filter>
    </ClCompile>
    <ClCompile Include="VTK\src\Mirror.cpp">
      <Filter>Source Files\VTK</Filter>
    </ClCompile>
    <ClCompile Include="VTK\src\PlaneMirror.cpp">
      <Filter>Source Files\VTK</Filter>
    </ClCompile>
    <ClCompile Include="VTK\src\MirrorFactory.cpp">
      <Filter>Source Files\VTK</Filter>
    </ClCompile>
    <ClCompile Include="GeneratedFiles\Debug\moc_QPaint2DMirror.cpp">
      <Filter>Generated Files\Debug</Filter>
    </ClCompile>
    <ClCompile Include="GeneratedFiles\Release\moc_QPaint2DMirror.cpp">
      <Filter>Generated Files\Release</Filter>
    </ClCompile>
    <ClCompile Include="Qt\src\QPaint2DMirror.cpp">
      <Filter>Source Files\Qt</Filter>
    </ClCompile>
    <ClCompile Include="Calculation\Mathematical_Functions.cpp">
      <Filter>Source Files\Calculation</Filter>
    </ClCompile>
    <ClCompile Include="Calculation\Matrix4D.cpp">
      <Filter>Source Files\Calculation</Filter>
    </ClCompile>
    <ClCompile Include="MirrorPosition.cpp">
      <Filter>Source Files\Calculation</Filter>
    </ClCompile>
    <ClCompile Include="Calculation\SourceModeGeneration.cpp">
      <Filter>Source Files\Calculation</Filter>
    </ClCompile>
    <ClCompile Include="Calculation\Position3D.cpp">
      <Filter>Source Files\Calculation</Filter>
    </ClCompile>
    <ClCompile Include="Calculation\Vector3D.cpp">
      <Filter>Source Files\Calculation</Filter>
    </ClCompile>
    <ClCompile Include="VTK\src\LimitBox.cpp">
      <Filter>Source Files\VTK</Filter>
    </ClCompile>
    <ClCompile Include="VTK\src\LightShow.cpp">
      <Filter>Source Files\VTK</Filter>
    </ClCompile>
    <ClCompile Include="Calculation\RayTracing.cpp">
      <Filter>Source Files\Calculation</Filter>
    </ClCompile>
    <ClCompile Include="VTK\src\QuadricSurfaceMirror.cpp">
      <Filter>Source Files\VTK</Filter>
    </ClCompile>
    <ClCompile Include="VTK\src\Radiator.cpp">
      <Filter>Source Files\VTK</Filter>
    </ClCompile>
    <ClCompile Include="VTK\src\RadiatorFactory.cpp">
      <Filter>Source Files\VTK</Filter>
    </ClCompile>
    <ClCompile Include="VTK\src\LowOrderRadiator.cpp">
      <Filter>Source Files\VTK</Filter>
    </ClCompile>
    <ClCompile Include="VTK\src\ParabolicCylinder.cpp">
      <Filter>Source Files\VTK</Filter>
    </ClCompile>
    <ClCompile Include="VTK\src\Paraboloid.cpp">
      <Filter>Source Files\VTK</Filter>
    </ClCompile>
    <ClCompile Include="VTK\src\Ellipsoid.cpp">
      <Filter>Source Files\VTK</Filter>
    </ClCompile>
    <ClCompile Include="GeneratedFiles\Debug\moc_MirrorTypeWidget.cpp">
      <Filter>Generated Files\Debug</Filter>
    </ClCompile>
    <ClCompile Include="GeneratedFiles\Release\moc_MirrorTypeWidget.cpp">
      <Filter>Generated Files\Release</Filter>
    </ClCompile>
    <ClCompile Include="Qt\src\MirrorTypeWidget.cpp">
      <Filter>Source Files\Qt</Filter>
    </ClCompile>
    <ClCompile Include="GeneratedFiles\Debug\moc_GraphTransWidget.cpp">
      <Filter>Generated Files\Debug</Filter>
    </ClCompile>
    <ClCompile Include="GeneratedFiles\Release\moc_GraphTransWidget.cpp">
      <Filter>Generated Files\Release</Filter>
    </ClCompile>
    <ClCompile Include="GeneratedFiles\Debug\moc_ParaboloidWidget.cpp">
      <Filter>Generated Files\Debug</Filter>
    </ClCompile>
    <ClCompile Include="GeneratedFiles\Release\moc_ParaboloidWidget.cpp">
      <Filter>Generated Files\Release</Filter>
    </ClCompile>
    <ClCompile Include="Qt\src\GraphTransWidget.cpp">
      <Filter>Source Files\Qt</Filter>
    </ClCompile>
    <ClCompile Include="Qt\src\ParaboloidWidget.cpp">
      <Filter>Source Files\Qt</Filter>
    </ClCompile>
    <ClCompile Include="VTK\src\Restriction.cpp">
      <Filter>Source Files\VTK</Filter>
    </ClCompile>
    <ClCompile Include="VTK\src\BasicParameters.cpp">
      <Filter>Source Files\VTK</Filter>
    </ClCompile>
    <ClCompile Include="Qt\src\RestrictionWidget.cpp">
      <Filter>Source Files\Qt</Filter>
    </ClCompile>
    <ClCompile Include="GeneratedFiles\Debug\moc_RestrictionWidget.cpp">
      <Filter>Generated Files\Debug</Filter>
    </ClCompile>
    <ClCompile Include="GeneratedFiles\Release\moc_RestrictionWidget.cpp">
      <Filter>Generated Files\Release</Filter>
    </ClCompile>
    <ClCompile Include="Calculation\FFT.cpp">
      <Filter>Source Files\Calculation</Filter>
    </ClCompile>
    <ClCompile Include="Calculation\FFTDI.cpp">
      <Filter>Source Files\Calculation</Filter>
    </ClCompile>
    <ClCompile Include="VTK\src\Gaussain.cpp">
      <Filter>Source Files\VTK</Filter>
    </ClCompile>
    <ClCompile Include="GeneratedFiles\Debug\moc_GaussianWidget.cpp">
      <Filter>Generated Files\Debug</Filter>
    </ClCompile>
    <ClCompile Include="GeneratedFiles\Release\moc_GaussianWidget.cpp">
      <Filter>Generated Files\Release</Filter>
    </ClCompile>
    <ClCompile Include="Qt\src\GaussianWidget.cpp">
      <Filter>Source Files\Qt</Filter>
    </ClCompile>
    <ClCompile Include="VTK\src\Field.cpp">
      <Filter>Source Files\VTK</Filter>
    </ClCompile>
    <ClCompile Include="Calculation\PVVA.cpp">
      <Filter>Source Files\Calculation</Filter>
    </ClCompile>
    <ClCompile Include="GeneratedFiles\Debug\moc_CalculationWidget.cpp">
      <Filter>Generated Files\Debug</Filter>
    </ClCompile>
    <ClCompile Include="GeneratedFiles\Release\moc_CalculationWidget.cpp">
      <Filter>Generated Files\Release</Filter>
    </ClCompile>
    <ClCompile Include="Qt\src\CalculationWidget.cpp">
      <Filter>Source Files\Qt</Filter>
    </ClCompile>
    <ClCompile Include="Qt\src\ParabolicCylinderWidget.cpp">
      <Filter>Source Files\Qt</Filter>
    </ClCompile>
    <ClCompile Include="GeneratedFiles\Debug\moc_ParabolicCylinderWidget.cpp">
      <Filter>Generated Files\Debug</Filter>
    </ClCompile>
    <ClCompile Include="GeneratedFiles\Release\moc_ParabolicCylinderWidget.cpp">
      <Filter>Generated Files\Release</Filter>
    </ClCompile>
    <ClCompile Include="GeneratedFiles\Debug\moc_PlaneMirrorWidget.cpp">
      <Filter>Generated Files\Debug</Filter>
    </ClCompile>
    <ClCompile Include="GeneratedFiles\Release\moc_PlaneMirrorWidget.cpp">
      <Filter>Generated Files\Release</Filter>
    </ClCompile>
    <ClCompile Include="Qt\src\PlaneMirrorWidget.cpp">
      <Filter>Source Files\Qt</Filter>
    </ClCompile>
    <ClCompile Include="GeneratedFiles\Debug\moc_ApertureFieldWidget.cpp">
      <Filter>Generated Files\Debug</Filter>
    </ClCompile>
    <ClCompile Include="GeneratedFiles\Release\moc_ApertureFieldWidget.cpp">
      <Filter>Generated Files\Release</Filter>
    </ClCompile>
    <ClCompile Include="Qt\src\ApertureFieldWidget.cpp">
      <Filter>Source Files\Qt</Filter>
    </ClCompile>
    <ClCompile Include="VTK\src\ApertureField.cpp">
      <Filter>Source Files\VTK</Filter>
    </ClCompile>
    <ClCompile Include="VTK\src\STLMirror.cpp">
      <Filter>Source Files\VTK</Filter>
    </ClCompile>
    <ClCompile Include="GeneratedFiles\Debug\moc_STLMirrorWidget.cpp">
      <Filter>Generated Files\Debug</Filter>
    </ClCompile>
    <ClCompile Include="GeneratedFiles\Release\moc_STLMirrorWidget.cpp">
      <Filter>Generated Files\Release</Filter>
    </ClCompile>
    <ClCompile Include="Qt\src\STLMirrorWidget.cpp">
      <Filter>Source Files\Qt</Filter>
    </ClCompile>
    <ClCompile Include="Qt\src\FDTDProgressDialog.cpp">
      <Filter>Source Files\Qt</Filter>
    </ClCompile>
    <ClCompile Include="GeneratedFiles\Debug\moc_FDTDProgressDialog.cpp">
      <Filter>Generated Files\Debug</Filter>
    </ClCompile>
    <ClCompile Include="GeneratedFiles\Release\moc_FDTDProgressDialog.cpp">
      <Filter>Generated Files\Release</Filter>
    </ClCompile>
    <ClCompile Include="GeneratedFiles\Debug\moc_CalculateFDTDThread.cpp">
      <Filter>Generated Files\Debug</Filter>
    </ClCompile>
    <ClCompile Include="GeneratedFiles\Release\moc_CalculateFDTDThread.cpp">
      <Filter>Generated Files\Release</Filter>
    </ClCompile>
    <ClCompile Include="Qt\src\CalculateFDTDThread.cpp">
      <Filter>Source Files\Qt</Filter>
    </ClCompile>
    <ClCompile Include="Calculation\BeamPropagation.cpp">
      <Filter>Source Files\Calculation</Filter>
    </ClCompile>
    <ClCompile Include="Calculation\Gaussian_Beam_Circular.cpp">
      <Filter>Source Files\Calculation</Filter>
    </ClCompile>
    <ClCompile Include="Calculation\Gaussian_Beam_Elliptical.cpp">
      <Filter>Source Files\Calculation</Filter>
    </ClCompile>
    <ClCompile Include="Calculation\PhaseCorrection.cpp">
      <Filter>Source Files\Calculation</Filter>
    </ClCompile>
    <ClCompile Include="Calculation\PhaseUnwrap.cpp">
      <Filter>Source Files\Calculation</Filter>
    </ClCompile>
    <ClCompile Include="Qt\src\PhsCorrectionDialog.cpp">
      <Filter>Source Files\Qt</Filter>
    </ClCompile>
    <ClCompile Include="VTK\src\PhsCorMirror.cpp">
      <Filter>Source Files\VTK</Filter>
    </ClCompile>
    <ClCompile Include="GeneratedFiles\Debug\moc_PhsCorrectionDialog.cpp">
      <Filter>Generated Files\Debug</Filter>
    </ClCompile>
    <ClCompile Include="GeneratedFiles\Release\moc_PhsCorrectionDialog.cpp">
      <Filter>Generated Files\Release</Filter>
    </ClCompile>
    <ClCompile Include="GeneratedFiles\Debug\moc_CalculatePhsCorThread.cpp">
      <Filter>Generated Files\Debug</Filter>
    </ClCompile>
    <ClCompile Include="GeneratedFiles\Release\moc_CalculatePhsCorThread.cpp">
      <Filter>Generated Files\Release</Filter>
    </ClCompile>
    <ClCompile Include="Qt\src\CalculatePhsCorThread.cpp">
      <Filter>Source Files\Qt</Filter>
    </ClCompile>
    <ClCompile Include="GeneratedFiles\Debug\moc_EllipsoidWidget.cpp">
      <Filter>Generated Files\Debug</Filter>
    </ClCompile>
    <ClCompile Include="GeneratedFiles\Release\moc_EllipsoidWidget.cpp">
      <Filter>Generated Files\Release</Filter>
    </ClCompile>
    <ClCompile Include="Qt\src\EllipsoidWidget.cpp">
      <Filter>Source Files\Qt</Filter>
    </ClCompile>
    <ClCompile Include="Calculation\Correlation_Coefficient.cpp">
      <Filter>Source Files\Calculation</Filter>
    </ClCompile>
    <ClCompile Include="GeneratedFiles\Debug\moc_PhsCorProgressDialog.cpp">
      <Filter>Generated Files\Debug</Filter>
    </ClCompile>
    <ClCompile Include="GeneratedFiles\Release\moc_PhsCorProgressDialog.cpp">
      <Filter>Generated Files\Release</Filter>
    </ClCompile>
    <ClCompile Include="Qt\src\PhsCorProgressDialog.cpp">
      <Filter>Source Files\Qt</Filter>
    </ClCompile>
    <ClCompile Include="GeneratedFiles\Debug\moc_CalculatePVVAThread.cpp">
      <Filter>Generated Files\Debug</Filter>
    </ClCompile>
    <ClCompile Include="GeneratedFiles\Release\moc_CalculatePVVAThread.cpp">
      <Filter>Generated Files\Release</Filter>
    </ClCompile>
    <ClCompile Include="Qt\src\CalculatePVVAThread.cpp">
      <Filter>Source Files\Qt</Filter>
    </ClCompile>
    <ClCompile Include="GeneratedFiles\Debug\moc_PVVAProgressDialog.cpp">
      <Filter>Generated Files\Debug</Filter>
    </ClCompile>
    <ClCompile Include="GeneratedFiles\Release\moc_PVVAProgressDialog.cpp">
      <Filter>Generated Files\Release</Filter>
    </ClCompile>
    <ClCompile Include="Qt\src\PVVAProgressDialog.cpp">
      <Filter>Source Files\Qt</Filter>
    </ClCompile>
    <ClCompile Include="GeneratedFiles\Debug\moc_QPaint2DField.cpp">
      <Filter>Generated Files\Debug</Filter>
    </ClCompile>
    <ClCompile Include="GeneratedFiles\Release\moc_QPaint2DField.cpp">
      <Filter>Generated Files\Release</Filter>
    </ClCompile>
    <ClCompile Include="Qt\src\QPaint2DField.cpp">
      <Filter>Source Files\Qt</Filter>
    </ClCompile>
    <ClCompile Include="DenisovRadiator\CodeJin\Mathematical_Functions.cpp">
      <Filter>Header Files\Denisov</Filter>
    </ClCompile>
    <ClCompile Include="DenisovRadiator\CodeJin\qcustomplot.cpp">
      <Filter>Header Files\Denisov</Filter>
    </ClCompile>
    <ClCompile Include="GeneratedFiles\Debug\moc_qcustomplot.cpp">
      <Filter>Generated Files\Debug</Filter>
    </ClCompile>
    <ClCompile Include="GeneratedFiles\Release\moc_qcustomplot.cpp">
      <Filter>Generated Files\Release</Filter>
    </ClCompile>
    <ClCompile Include="DenisovRadiator\CodeJin\QPaintField.cpp">
      <Filter>Header Files\Denisov</Filter>
    </ClCompile>
    <ClCompile Include="GeneratedFiles\Debug\moc_QPaintField.cpp">
      <Filter>Generated Files\Debug</Filter>
    </ClCompile>
    <ClCompile Include="GeneratedFiles\Release\moc_QPaintField.cpp">
      <Filter>Generated Files\Release</Filter>
    </ClCompile>
    <ClCompile Include="DenisovRadiator\CodeJin\SourceModeGenerationD.cpp">
      <Filter>Header Files\Denisov</Filter>
    </ClCompile>
    <ClCompile Include="DenisovRadiator\QTFDTDThread.cpp">
      <Filter>Header Files\FDTDShow</Filter>
    </ClCompile>
    <ClCompile Include="GeneratedFiles\Debug\moc_QTFDTDThread.cpp">
      <Filter>Generated Files\Debug</Filter>
    </ClCompile>
    <ClCompile Include="GeneratedFiles\Release\moc_QTFDTDThread.cpp">
      <Filter>Generated Files\Release</Filter>
    </ClCompile>
    <ClCompile Include="DenisovRadiator\showFDTD.cpp">
      <Filter>Header Files\FDTDShow</Filter>
    </ClCompile>
    <ClCompile Include="GeneratedFiles\Debug\moc_showFDTD.cpp">
      <Filter>Generated Files\Debug</Filter>
    </ClCompile>
    <ClCompile Include="GeneratedFiles\Release\moc_showFDTD.cpp">
      <Filter>Generated Files\Release</Filter>
    </ClCompile>
    <ClCompile Include="GeneratedFiles\Debug\moc_ModelBtnDialog.cpp">
      <Filter>Generated Files\Debug</Filter>
    </ClCompile>
    <ClCompile Include="GeneratedFiles\Release\moc_ModelBtnDialog.cpp">
      <Filter>Generated Files\Release</Filter>
    </ClCompile>
    <ClCompile Include="Qt\src\ModelBtnDialog.cpp">
      <Filter>Source Files\Qt</Filter>
    </ClCompile>
    <ClCompile Include="DenisovRadiator\CodeJin\Mathematical_Functions_Jin.cpp">
      <Filter>Header Files\Denisov</Filter>
    </ClCompile>
    <ClCompile Include="DenisovRadiator\DenisovRadiator.cpp">
      <Filter>Header Files\Denisov</Filter>
    </ClCompile>
    <ClCompile Include="GeneratedFiles\Debug\moc_DenisovRadiator.cpp">
      <Filter>Generated Files\Debug</Filter>
    </ClCompile>
    <ClCompile Include="GeneratedFiles\Release\moc_DenisovRadiator.cpp">
      <Filter>Generated Files\Release</Filter>
    </ClCompile>
    <ClCompile Include="DenisovRadiator\showDenisov.cpp">
      <Filter>Header Files\Denisov</Filter>
    </ClCompile>
    <ClCompile Include="GeneratedFiles\Debug\moc_showDenisov.cpp">
      <Filter>Generated Files\Debug</Filter>
    </ClCompile>
    <ClCompile Include="GeneratedFiles\Release\moc_showDenisov.cpp">
      <Filter>Generated Files\Release</Filter>
    </ClCompile>
    <ClCompile Include="util\comUtil.cpp">
      <Filter>Source Files\util</Filter>
    </ClCompile>
  </ItemGroup>
  <ItemGroup>
    <CustomBuild Include="mainwindow.h">
      <Filter>Header Files</Filter>
    </CustomBuild>
    <CustomBuild Include="mainwindow.ui">
      <Filter>Form Files</Filter>
    </CustomBuild>
    <CustomBuild Include="mainwindow.qrc">
      <Filter>Resource Files</Filter>
    </CustomBuild>
    <CustomBuild Include="Qt\include\PreDialog.h">
      <Filter>Header Files\Qt</Filter>
    </CustomBuild>
    <CustomBuild Include="Qt\include\ModelWizard.h">
      <Filter>Header Files\Qt</Filter>
    </CustomBuild>
    <CustomBuild Include="Qt\include\QPaint2DMirror.h">
      <Filter>Header Files\Qt</Filter>
    </CustomBuild>
    <CustomBuild Include="Qt\include\MirrorTypeWidget.h">
      <Filter>Header Files\Qt</Filter>
    </CustomBuild>
    <CustomBuild Include="Qt\include\GraphTransWidget.h">
      <Filter>Header Files\Qt</Filter>
    </CustomBuild>
    <CustomBuild Include="Qt\include\ParaboloidWidget.h">
      <Filter>Header Files\Qt</Filter>
    </CustomBuild>
    <CustomBuild Include="Qt\include\RestrictionWidget.h">
      <Filter>Header Files\Qt</Filter>
    </CustomBuild>
    <CustomBuild Include="Qt\include\GaussianWidget.h">
      <Filter>Header Files\Qt</Filter>
    </CustomBuild>
    <CustomBuild Include="Qt\include\CalculationWidget.h">
      <Filter>Header Files\Qt</Filter>
    </CustomBuild>
    <CustomBuild Include="Qt\include\ParabolicCylinderWidget.h">
      <Filter>Header Files\Qt</Filter>
    </CustomBuild>
    <CustomBuild Include="Qt\include\PlaneMirrorWidget.h">
      <Filter>Header Files\Qt</Filter>
    </CustomBuild>
    <CustomBuild Include="Qt\include\ApertureFieldWidget.h">
      <Filter>Header Files\Qt</Filter>
    </CustomBuild>
    <CustomBuild Include="Qt\include\STLMirrorWidget.h">
      <Filter>Header Files\Qt</Filter>
    </CustomBuild>
    <CustomBuild Include="Qt\include\FDTDProgressDialog.h">
      <Filter>Header Files\Qt</Filter>
    </CustomBuild>
    <CustomBuild Include="Qt\include\CalculateFDTDThread.h">
      <Filter>Header Files\Qt</Filter>
    </CustomBuild>
    <CustomBuild Include="Qt\include\PhsCorrectionDialog.h">
      <Filter>Header Files\Qt</Filter>
    </CustomBuild>
    <CustomBuild Include="Qt\include\CalculatePhsCorThread.h">
      <Filter>Header Files\Qt</Filter>
    </CustomBuild>
    <CustomBuild Include="Qt\include\EllipsoidWidget.h">
      <Filter>Header Files\Qt</Filter>
    </CustomBuild>
    <CustomBuild Include="Qt\include\PhsCorProgressDialog.h">
      <Filter>Header Files\Qt</Filter>
    </CustomBuild>
    <CustomBuild Include="Qt\include\CalculatePVVAThread.h">
      <Filter>Header Files\Qt</Filter>
    </CustomBuild>
    <CustomBuild Include="Qt\include\PVVAProgressDialog.h">
      <Filter>Header Files\Qt</Filter>
    </CustomBuild>
    <CustomBuild Include="Qt\include\QPaint2DField.h">
      <Filter>Header Files\Qt</Filter>
    </CustomBuild>
    <CustomBuild Include="DenisovRadiator\CodeJin\qcustomplot.h">
      <Filter>Header Files\Denisov</Filter>
    </CustomBuild>
    <CustomBuild Include="DenisovRadiator\CodeJin\QPaintField.h">
      <Filter>Header Files\Denisov</Filter>
    </CustomBuild>
    <CustomBuild Include="DenisovRadiator\QTFDTDThread.h">
      <Filter>Header Files\FDTDShow</Filter>
    </CustomBuild>
    <CustomBuild Include="DenisovRadiator\showFDTD.h">
      <Filter>Header Files\FDTDShow</Filter>
    </CustomBuild>
    <CustomBuild Include="Qt\include\ModelBtnDialog.h">
      <Filter>Header Files\Qt</Filter>
    </CustomBuild>
    <CustomBuild Include="DenisovRadiator\DenisovRadiator.h">
      <Filter>Header Files\Denisov</Filter>
    </CustomBuild>
    <CustomBuild Include="DenisovRadiator\showDenisov.h">
      <Filter>Header Files\Denisov</Filter>
    </CustomBuild>
  </ItemGroup>
  <ItemGroup>
    <ClInclude Include="GeneratedFiles\ui_mainwindow.h">
      <Filter>Generated Files</Filter>
    </ClInclude>
    <ClInclude Include="MyData.h">
      <Filter>Header Files</Filter>
    </ClInclude>
    <ClInclude Include="VTK\include\Mirror.h">
      <Filter>Header Files\VTK</Filter>
    </ClInclude>
    <ClInclude Include="util\Definition.h">
      <Filter>Header Files\util</Filter>
    </ClInclude>
    <ClInclude Include="VTK\include\PlaneMirror.h">
      <Filter>Header Files\VTK</Filter>
    </ClInclude>
    <ClInclude Include="VTK\include\MirrorFactory.h">
      <Filter>Header Files\VTK</Filter>
    </ClInclude>
    <ClInclude Include="util\Constant_Var.h">
      <Filter>Header Files\util</Filter>
    </ClInclude>
    <ClInclude Include="Calculation\Mathematical_Functions.h">
      <Filter>Header Files\Calculation</Filter>
    </ClInclude>
    <ClInclude Include="Calculation\SourceModeGeneration.h">
      <Filter>Header Files\Calculation</Filter>
    </ClInclude>
    <ClInclude Include="util\Vector3.h">
      <Filter>Header Files\util</Filter>
    </ClInclude>
    <ClInclude Include="Calculation\Matrix4D.h">
      <Filter>Header Files\Calculation</Filter>
    </ClInclude>
    <ClInclude Include="Calculation\Position3D.h">
      <Filter>Header Files\Calculation</Filter>
    </ClInclude>
    <ClInclude Include="MirrorPosition.h">
      <Filter>Header Files\Calculation</Filter>
    </ClInclude>
    <ClInclude Include="VTK\include\LimitBox.h">
      <Filter>Header Files\VTK</Filter>
    </ClInclude>
    <ClInclude Include="VTK\include\LightShow.h">
      <Filter>Header Files\VTK</Filter>
    </ClInclude>
    <ClInclude Include="Calculation\RayTracing.h">
      <Filter>Header Files\Calculation</Filter>
    </ClInclude>
    <ClInclude Include="VTK\include\QuadricSurfaceMirror.h">
      <Filter>Header Files\VTK</Filter>
    </ClInclude>
    <ClInclude Include="VTK\include\Radiator.h">
      <Filter>Header Files\VTK</Filter>
    </ClInclude>
    <ClInclude Include="VTK\include\RadiatorFactory.h">
      <Filter>Header Files\VTK</Filter>
    </ClInclude>
    <ClInclude Include="VTK\include\LowOrderRadiator.h">
      <Filter>Header Files\VTK</Filter>
    </ClInclude>
    <ClInclude Include="VTK\include\ParabolicCylinder.h">
      <Filter>Header Files\VTK</Filter>
    </ClInclude>
    <ClInclude Include="VTK\include\Paraboloid.h">
      <Filter>Header Files\VTK</Filter>
    </ClInclude>
    <ClInclude Include="VTK\include\Ellipsoid.h">
      <Filter>Header Files\VTK</Filter>
    </ClInclude>
    <ClInclude Include="VTK\include\Restriction.h">
      <Filter>Header Files\VTK</Filter>
    </ClInclude>
    <ClInclude Include="VTK\include\BasicParameters.h">
      <Filter>Header Files\VTK</Filter>
    </ClInclude>
    <ClInclude Include="Calculation\FFT.h">
      <Filter>Header Files\Calculation</Filter>
    </ClInclude>
    <ClInclude Include="Calculation\FFTDI.h">
      <Filter>Header Files\Calculation</Filter>
    </ClInclude>
    <ClInclude Include="Calculation\fftw3.h">
      <Filter>Header Files\Calculation</Filter>
    </ClInclude>
    <ClInclude Include="util\GEMS_Memory.h">
      <Filter>Header Files\util</Filter>
    </ClInclude>
    <ClInclude Include="VTK\include\Field.h">
      <Filter>Header Files\VTK</Filter>
    </ClInclude>
    <ClInclude Include="VTK\include\Gaussain.h">
      <Filter>Header Files\VTK</Filter>
    </ClInclude>
    <ClInclude Include="Calculation\PVVA.h">
      <Filter>Header Files\Calculation</Filter>
    </ClInclude>
    <ClInclude Include="util\Vector2.h">
      <Filter>Header Files\util</Filter>
    </ClInclude>
    <ClInclude Include="VTK\include\ApertureField.h">
      <Filter>Header Files\VTK</Filter>
    </ClInclude>
    <ClInclude Include="VTK\include\STLMirror.h">
      <Filter>Header Files\VTK</Filter>
    </ClInclude>
    <ClInclude Include="Calculation\FDTDRadiator.h">
      <Filter>Header Files\Calculation</Filter>
    </ClInclude>
    <ClInclude Include="Calculation\BeamPropagation.h">
      <Filter>Header Files\Calculation</Filter>
    </ClInclude>
    <ClInclude Include="Calculation\Gaussian_Beam_Circular.h">
      <Filter>Header Files\Calculation</Filter>
    </ClInclude>
    <ClInclude Include="Calculation\Gaussian_Beam_Elliptical.h">
      <Filter>Header Files\Calculation</Filter>
    </ClInclude>
    <ClInclude Include="Calculation\PhaseUnwrap.h">
      <Filter>Header Files\Calculation</Filter>
    </ClInclude>
    <ClInclude Include="Calculation\PhaseCorrection.h">
      <Filter>Header Files\Calculation</Filter>
    </ClInclude>
    <ClInclude Include="Calculation\TraceLight.h">
      <Filter>Header Files\Calculation</Filter>
    </ClInclude>
    <ClInclude Include="Calculation\Vector3D.h">
      <Filter>Header Files\Calculation</Filter>
    </ClInclude>
    <ClInclude Include="VTK\include\PhsCorMirror.h">
      <Filter>Header Files\VTK</Filter>
    </ClInclude>
    <ClInclude Include="Calculation\Correlation_Coefficient.h">
      <Filter>Header Files\Calculation</Filter>
    </ClInclude>
    <ClInclude Include="DenisovRadiator\CodeJin\Mathematical_Functions.h">
      <Filter>Header Files\Denisov</Filter>
    </ClInclude>
    <ClInclude Include="DenisovRadiator\CodeJin\OMTfunctions.h">
      <Filter>Header Files\Denisov</Filter>
    </ClInclude>
    <ClInclude Include="DenisovRadiator\CodeJin\SourceModeGenerationD.h">
      <Filter>Header Files\Denisov</Filter>
    </ClInclude>
    <ClInclude Include="DenisovRadiator\CodeJin\Vector3.h">
      <Filter>Header Files\Denisov</Filter>
    </ClInclude>
    <ClInclude Include="DenisovRadiator\CodeJin\Mathematical_Functions_Jin.h">
      <Filter>Header Files\Denisov</Filter>
    </ClInclude>
    <ClInclude Include="util\comUtil.h">
      <Filter>Header Files\util</Filter>
    </ClInclude>
  </ItemGroup>
</Project>